PODS:
  - Alamofire (4.5.0)
  - AlamofireImage (3.2.0):
    - Alamofire (~> 4.1)
  - AlamofireObjectMapper (4.1.0):
    - Alamofire (~> 4.1)
    - ObjectMapper (~> 2.0)
  - DateTools (2.0.0)
  - ObjectMapper (2.2.8)
  - ReachabilitySwift (3)
  - Realm (2.9.1):
    - Realm/Headers (= 2.9.1)
  - Realm/Headers (2.9.1)
  - RealmSwift (2.9.1):
    - Realm (= 2.9.1)
  - RealReachability (1.1.9):
    - RealReachability/Connection (= 1.1.9)
    - RealReachability/Ping (= 1.1.9)
  - RealReachability/Connection (1.1.9)
  - RealReachability/Ping (1.1.9)
  - RxCocoa (3.6.1):
    - RxSwift (~> 3.6)
  - RxRealm (0.6.0):
    - RealmSwift (~> 2.5)
    - RxSwift (~> 3.2)
  - RxSwift (3.6.1)
  - SBPickerSelector (1.2.0)
  - SVProgressHUD (2.1.2)

DEPENDENCIES:
  - Alamofire
  - AlamofireImage
  - AlamofireObjectMapper
  - DateTools (from `https://github.com/MatthewYork/DateTools`, branch `swift`)
  - ObjectMapper
  - ReachabilitySwift (~> 3)
  - RealmSwift
  - RealReachability
  - RxCocoa
  - RxRealm
  - RxSwift
  - SBPickerSelector
  - SVProgressHUD

EXTERNAL SOURCES:
  DateTools:
    :branch: swift
    :git: https://github.com/MatthewYork/DateTools

CHECKOUT OPTIONS:
  DateTools:
    :commit: c36311e6c0b28103f32311b54f1d27a334785bcc
    :git: https://github.com/MatthewYork/DateTools

SPEC CHECKSUMS:
  Alamofire: f28cdffd29de33a7bfa022cbd63ae95a27fae140
  AlamofireImage: 157ed682cc81d3b9db4fb90c1f12180ac552d93b
  AlamofireObjectMapper: 435adc82f5b367679bd9e71c4974a54efd0b2521
  DateTools: 9a92563d4567296fb6fa8ae586321159c514c8c6
  ObjectMapper: 3d571bb5af471c779e1160828cd9ad5c4ef90958
  ReachabilitySwift: f5b9bb30a0777fac8f09ce8b067e32faeb29bb64
  Realm: f91fb43bd474c4f731a116ebf7392c75dd015920
  RealmSwift: 207f12a4a36b696c5183c60a1c06d70234a23e56
  RealReachability: a8c483900986a0f3305733961effbfbb00637a02
  RxCocoa: 84a08739ab186248c7f31ce4ee92d6f8a947d690
  RxRealm: 323de579b50b5e0f4a3e087d5925021f976ffaf1
  RxSwift: f9de85ea20cd2f7716ee5409fc13523dc638e4e4
  SBPickerSelector: ca8defc713bf229a35a06100ba2e6e96c424ac6a
  SVProgressHUD: c404a55d78acbeb7ebb78b76d3faf986475a6994

PODFILE CHECKSUM: f66aebdb81a3fefea9a3c128ce190cdc5bf526bf

COCOAPODS: 1.3.0
