// !$*UTF8*$!
{
	archiveVersion = 1;
	classes = {
	};
	objectVersion = 46;
	objects = {

/* Begin PBXBuildFile section */
		2BE5856EC22A18DC2B9229F3 /* Pods_test.framework in Frameworks */ = {isa = PBXBuildFile; fileRef = 6AC10814462896D8A5487F01 /* Pods_test.framework */; };
		96D73D951F4F77D600EA206D /* PendingRequestsTableViewCell.swift in Sources */ = {isa = PBXBuildFile; fileRef = 96D73D931F4F77D600EA206D /* PendingRequestsTableViewCell.swift */; };
		96D73D961F4F77D600EA206D /* PendingRequestsTableViewCell.xib in Resources */ = {isa = PBXBuildFile; fileRef = 96D73D941F4F77D600EA206D /* PendingRequestsTableViewCell.xib */; };
		96D73D9B1F4F782200EA206D /* PendingRequestTableViewController.swift in Sources */ = {isa = PBXBuildFile; fileRef = 96D73D9A1F4F782200EA206D /* PendingRequestTableViewController.swift */; };
		96D73D9D1F4F782E00EA206D /* SettingsTableViewController.swift in Sources */ = {isa = PBXBuildFile; fileRef = 96D73D9C1F4F782E00EA206D /* SettingsTableViewController.swift */; };
		96D73DA21F4F786400EA206D /* BaseTableViewController.swift in Sources */ = {isa = PBXBuildFile; fileRef = 96D73DA11F4F786400EA206D /* BaseTableViewController.swift */; };
		96D73DA51F4F78F600EA206D /* Request.swift in Sources */ = {isa = PBXBuildFile; fileRef = 96D73DA41F4F78F600EA206D /* Request.swift */; };
		96D73DAB1F4F79A600EA206D /* Login.storyboard in Resources */ = {isa = PBXBuildFile; fileRef = 96D73DAA1F4F79A600EA206D /* Login.storyboard */; };
		96D73DAE1F4F79E600EA206D /* LoginViewController.swift in Sources */ = {isa = PBXBuildFile; fileRef = 96D73DAD1F4F79E600EA206D /* LoginViewController.swift */; };
		96D73DB11F4F7A0E00EA206D /* NavigationHelper.swift in Sources */ = {isa = PBXBuildFile; fileRef = 96D73DB01F4F7A0E00EA206D /* NavigationHelper.swift */; };
		96D73DB31F4F7A9200EA206D /* User.swift in Sources */ = {isa = PBXBuildFile; fileRef = 96D73DB21F4F7A9200EA206D /* User.swift */; };
		96D73DB51F4F7B6200EA206D /* RealmHelper.swift in Sources */ = {isa = PBXBuildFile; fileRef = 96D73DB41F4F7B6200EA206D /* RealmHelper.swift */; };
		96D73DB71F4F7C4000EA206D /* Extensions.swift in Sources */ = {isa = PBXBuildFile; fileRef = 96D73DB61F4F7C3F00EA206D /* Extensions.swift */; };
		96D73DBA1F4F801600EA206D /* EndPoint.swift in Sources */ = {isa = PBXBuildFile; fileRef = 96D73DB91F4F801600EA206D /* EndPoint.swift */; };
		96D73DBC1F4FA21600EA206D /* RequestVacationViewController.swift in Sources */ = {isa = PBXBuildFile; fileRef = 96D73DBB1F4FA21600EA206D /* RequestVacationViewController.swift */; };
		96D73DBE1F4FA24B00EA206D /* BaseViewController.swift in Sources */ = {isa = PBXBuildFile; fileRef = 96D73DBD1F4FA24B00EA206D /* BaseViewController.swift */; };
		96D73DC21F4FA2EC00EA206D /* EmptyTableViewCell.swift in Sources */ = {isa = PBXBuildFile; fileRef = 96D73DC01F4FA2EC00EA206D /* EmptyTableViewCell.swift */; };
		96D73DC31F4FA2EC00EA206D /* EmptyTableViewCell.xib in Resources */ = {isa = PBXBuildFile; fileRef = 96D73DC11F4FA2EC00EA206D /* EmptyTableViewCell.xib */; };
		96E381D21F4F75B50040FF5A /* AppDelegate.swift in Sources */ = {isa = PBXBuildFile; fileRef = 96E381D11F4F75B50040FF5A /* AppDelegate.swift */; };
		96E381D41F4F75B50040FF5A /* ViewController.swift in Sources */ = {isa = PBXBuildFile; fileRef = 96E381D31F4F75B50040FF5A /* ViewController.swift */; };
		96E381D71F4F75B50040FF5A /* Main.storyboard in Resources */ = {isa = PBXBuildFile; fileRef = 96E381D51F4F75B50040FF5A /* Main.storyboard */; };
		96E381D91F4F75B50040FF5A /* Assets.xcassets in Resources */ = {isa = PBXBuildFile; fileRef = 96E381D81F4F75B50040FF5A /* Assets.xcassets */; };
		96E381DC1F4F75B50040FF5A /* LaunchScreen.storyboard in Resources */ = {isa = PBXBuildFile; fileRef = 96E381DA1F4F75B50040FF5A /* LaunchScreen.storyboard */; };
/* End PBXBuildFile section */

/* Begin PBXFileReference section */
		6AC10814462896D8A5487F01 /* Pods_test.framework */ = {isa = PBXFileReference; explicitFileType = wrapper.framework; includeInIndex = 0; path = Pods_test.framework; sourceTree = BUILT_PRODUCTS_DIR; };
		6CCD8193E0E87095F0EC83D9 /* Pods-test.debug.xcconfig */ = {isa = PBXFileReference; includeInIndex = 1; lastKnownFileType = text.xcconfig; name = "Pods-test.debug.xcconfig"; path = "Pods/Target Support Files/Pods-test/Pods-test.debug.xcconfig"; sourceTree = "<group>"; };
		96D73D931F4F77D600EA206D /* PendingRequestsTableViewCell.swift */ = {isa = PBXFileReference; fileEncoding = 4; lastKnownFileType = sourcecode.swift; path = PendingRequestsTableViewCell.swift; sourceTree = "<group>"; };
		96D73D941F4F77D600EA206D /* PendingRequestsTableViewCell.xib */ = {isa = PBXFileReference; fileEncoding = 4; lastKnownFileType = file.xib; path = PendingRequestsTableViewCell.xib; sourceTree = "<group>"; };
		96D73D9A1F4F782200EA206D /* PendingRequestTableViewController.swift */ = {isa = PBXFileReference; fileEncoding = 4; lastKnownFileType = sourcecode.swift; path = PendingRequestTableViewController.swift; sourceTree = "<group>"; };
		96D73D9C1F4F782E00EA206D /* SettingsTableViewController.swift */ = {isa = PBXFileReference; fileEncoding = 4; lastKnownFileType = sourcecode.swift; path = SettingsTableViewController.swift; sourceTree = "<group>"; };
		96D73DA11F4F786400EA206D /* BaseTableViewController.swift */ = {isa = PBXFileReference; fileEncoding = 4; lastKnownFileType = sourcecode.swift; path = BaseTableViewController.swift; sourceTree = "<group>"; };
		96D73DA41F4F78F600EA206D /* Request.swift */ = {isa = PBXFileReference; fileEncoding = 4; lastKnownFileType = sourcecode.swift; path = Request.swift; sourceTree = "<group>"; };
		96D73DAA1F4F79A600EA206D /* Login.storyboard */ = {isa = PBXFileReference; fileEncoding = 4; lastKnownFileType = file.storyboard; path = Login.storyboard; sourceTree = "<group>"; };
		96D73DAD1F4F79E600EA206D /* LoginViewController.swift */ = {isa = PBXFileReference; fileEncoding = 4; lastKnownFileType = sourcecode.swift; path = LoginViewController.swift; sourceTree = "<group>"; };
		96D73DB01F4F7A0E00EA206D /* NavigationHelper.swift */ = {isa = PBXFileReference; fileEncoding = 4; lastKnownFileType = sourcecode.swift; path = NavigationHelper.swift; sourceTree = "<group>"; };
		96D73DB21F4F7A9200EA206D /* User.swift */ = {isa = PBXFileReference; fileEncoding = 4; lastKnownFileType = sourcecode.swift; path = User.swift; sourceTree = "<group>"; };
		96D73DB41F4F7B6200EA206D /* RealmHelper.swift */ = {isa = PBXFileReference; fileEncoding = 4; lastKnownFileType = sourcecode.swift; path = RealmHelper.swift; sourceTree = "<group>"; };
		96D73DB61F4F7C3F00EA206D /* Extensions.swift */ = {isa = PBXFileReference; fileEncoding = 4; lastKnownFileType = sourcecode.swift; path = Extensions.swift; sourceTree = "<group>"; };
		96D73DB91F4F801600EA206D /* EndPoint.swift */ = {isa = PBXFileReference; fileEncoding = 4; lastKnownFileType = sourcecode.swift; path = EndPoint.swift; sourceTree = "<group>"; };
		96D73DBB1F4FA21600EA206D /* RequestVacationViewController.swift */ = {isa = PBXFileReference; fileEncoding = 4; lastKnownFileType = sourcecode.swift; path = RequestVacationViewController.swift; sourceTree = "<group>"; };
		96D73DBD1F4FA24B00EA206D /* BaseViewController.swift */ = {isa = PBXFileReference; fileEncoding = 4; lastKnownFileType = sourcecode.swift; path = BaseViewController.swift; sourceTree = "<group>"; };
		96D73DC01F4FA2EC00EA206D /* EmptyTableViewCell.swift */ = {isa = PBXFileReference; fileEncoding = 4; lastKnownFileType = sourcecode.swift; path = EmptyTableViewCell.swift; sourceTree = "<group>"; };
		96D73DC11F4FA2EC00EA206D /* EmptyTableViewCell.xib */ = {isa = PBXFileReference; fileEncoding = 4; lastKnownFileType = file.xib; path = EmptyTableViewCell.xib; sourceTree = "<group>"; };
		96E381CE1F4F75B50040FF5A /* test.app */ = {isa = PBXFileReference; explicitFileType = wrapper.application; includeInIndex = 0; path = test.app; sourceTree = BUILT_PRODUCTS_DIR; };
		96E381D11F4F75B50040FF5A /* AppDelegate.swift */ = {isa = PBXFileReference; lastKnownFileType = sourcecode.swift; path = AppDelegate.swift; sourceTree = "<group>"; };
		96E381D31F4F75B50040FF5A /* ViewController.swift */ = {isa = PBXFileReference; lastKnownFileType = sourcecode.swift; path = ViewController.swift; sourceTree = "<group>"; };
		96E381D61F4F75B50040FF5A /* Base */ = {isa = PBXFileReference; lastKnownFileType = file.storyboard; name = Base; path = Base.lproj/Main.storyboard; sourceTree = "<group>"; };
		96E381D81F4F75B50040FF5A /* Assets.xcassets */ = {isa = PBXFileReference; lastKnownFileType = folder.assetcatalog; path = Assets.xcassets; sourceTree = "<group>"; };
		96E381DB1F4F75B50040FF5A /* Base */ = {isa = PBXFileReference; lastKnownFileType = file.storyboard; name = Base; path = Base.lproj/LaunchScreen.storyboard; sourceTree = "<group>"; };
		96E381DD1F4F75B50040FF5A /* Info.plist */ = {isa = PBXFileReference; lastKnownFileType = text.plist.xml; path = Info.plist; sourceTree = "<group>"; };
		A2B3AF18085EFEB87105A8A7 /* Pods-test.release.xcconfig */ = {isa = PBXFileReference; includeInIndex = 1; lastKnownFileType = text.xcconfig; name = "Pods-test.release.xcconfig"; path = "Pods/Target Support Files/Pods-test/Pods-test.release.xcconfig"; sourceTree = "<group>"; };
/* End PBXFileReference section */

/* Begin PBXFrameworksBuildPhase section */
		96E381CB1F4F75B50040FF5A /* Frameworks */ = {
			isa = PBXFrameworksBuildPhase;
			buildActionMask = 2147483647;
			files = (
				2BE5856EC22A18DC2B9229F3 /* Pods_test.framework in Frameworks */,
			);
			runOnlyForDeploymentPostprocessing = 0;
		};
/* End PBXFrameworksBuildPhase section */

/* Begin PBXGroup section */
		9669D8436C0E063BB950CF6E /* Pods */ = {
			isa = PBXGroup;
			children = (
				6CCD8193E0E87095F0EC83D9 /* Pods-test.debug.xcconfig */,
				A2B3AF18085EFEB87105A8A7 /* Pods-test.release.xcconfig */,
			);
			name = Pods;
			sourceTree = "<group>";
		};
		96D73D921F4F77A900EA206D /* VacationCell */ = {
			isa = PBXGroup;
			children = (
				96D73D931F4F77D600EA206D /* PendingRequestsTableViewCell.swift */,
				96D73D941F4F77D600EA206D /* PendingRequestsTableViewCell.xib */,
			);
			path = VacationCell;
			sourceTree = "<group>";
		};
		96D73D971F4F77EC00EA206D /* Controllers */ = {
			isa = PBXGroup;
			children = (
				96D73DAC1F4F79D500EA206D /* LoginViewControllers */,
				96D73D9E1F4F783E00EA206D /* BaseControllers */,
				96D73D991F4F781400EA206D /* SettingsTableViewController */,
				96D73D981F4F780C00EA206D /* PendingTableViewController */,
				96D73DBB1F4FA21600EA206D /* RequestVacationViewController.swift */,
			);
			path = Controllers;
			sourceTree = "<group>";
		};
		96D73D981F4F780C00EA206D /* PendingTableViewController */ = {
			isa = PBXGroup;
			children = (
				96D73D9A1F4F782200EA206D /* PendingRequestTableViewController.swift */,
			);
			path = PendingTableViewController;
			sourceTree = "<group>";
		};
		96D73D991F4F781400EA206D /* SettingsTableViewController */ = {
			isa = PBXGroup;
			children = (
				96D73D9C1F4F782E00EA206D /* SettingsTableViewController.swift */,
			);
			path = SettingsTableViewController;
			sourceTree = "<group>";
		};
		96D73D9E1F4F783E00EA206D /* BaseControllers */ = {
			isa = PBXGroup;
			children = (
				96D73DA11F4F786400EA206D /* BaseTableViewController.swift */,
				96D73DBD1F4FA24B00EA206D /* BaseViewController.swift */,
			);
			path = BaseControllers;
			sourceTree = "<group>";
		};
		96D73DA31F4F78E800EA206D /* Models */ = {
			isa = PBXGroup;
			children = (
				96D73DA41F4F78F600EA206D /* Request.swift */,
				96D73DB21F4F7A9200EA206D /* User.swift */,
			);
			path = Models;
			sourceTree = "<group>";
		};
		96D73DA61F4F796700EA206D /* Views */ = {
			isa = PBXGroup;
			children = (
				96D73DBF1F4FA2D000EA206D /* EmptyCell */,
				96D73DA91F4F799600EA206D /* LoginStoryboard */,
			);
			path = Views;
			sourceTree = "<group>";
		};
		96D73DA91F4F799600EA206D /* LoginStoryboard */ = {
			isa = PBXGroup;
			children = (
				96D73DAA1F4F79A600EA206D /* Login.storyboard */,
			);
			path = LoginStoryboard;
			sourceTree = "<group>";
		};
		96D73DAC1F4F79D500EA206D /* LoginViewControllers */ = {
			isa = PBXGroup;
			children = (
				96D73DAD1F4F79E600EA206D /* LoginViewController.swift */,
			);
			path = LoginViewControllers;
			sourceTree = "<group>";
		};
		96D73DAF1F4F79FF00EA206D /* Helpers */ = {
			isa = PBXGroup;
			children = (
				96D73DB01F4F7A0E00EA206D /* NavigationHelper.swift */,
				96D73DB41F4F7B6200EA206D /* RealmHelper.swift */,
				96D73DB61F4F7C3F00EA206D /* Extensions.swift */,
			);
			path = Helpers;
			sourceTree = "<group>";
		};
		96D73DB81F4F7FF000EA206D /* Networking */ = {
			isa = PBXGroup;
			children = (
				96D73DB91F4F801600EA206D /* EndPoint.swift */,
			);
			path = Networking;
			sourceTree = "<group>";
		};
		96D73DBF1F4FA2D000EA206D /* EmptyCell */ = {
			isa = PBXGroup;
			children = (
				96D73DC01F4FA2EC00EA206D /* EmptyTableViewCell.swift */,
				96D73DC11F4FA2EC00EA206D /* EmptyTableViewCell.xib */,
			);
			path = EmptyCell;
			sourceTree = "<group>";
		};
		96E381C51F4F75B50040FF5A = {
			isa = PBXGroup;
			children = (
				96E381D01F4F75B50040FF5A /* test */,
				96E381CF1F4F75B50040FF5A /* Products */,
				9669D8436C0E063BB950CF6E /* Pods */,
				EC69933A4B0E7A1E76A5CE66 /* Frameworks */,
			);
			sourceTree = "<group>";
		};
		96E381CF1F4F75B50040FF5A /* Products */ = {
			isa = PBXGroup;
			children = (
				96E381CE1F4F75B50040FF5A /* test.app */,
			);
			name = Products;
			sourceTree = "<group>";
		};
		96E381D01F4F75B50040FF5A /* test */ = {
			isa = PBXGroup;
			children = (
				96D73DB81F4F7FF000EA206D /* Networking */,
				96D73DAF1F4F79FF00EA206D /* Helpers */,
				96D73DA61F4F796700EA206D /* Views */,
				96D73DA31F4F78E800EA206D /* Models */,
				96D73D971F4F77EC00EA206D /* Controllers */,
				96D73D921F4F77A900EA206D /* VacationCell */,
				96E381D11F4F75B50040FF5A /* AppDelegate.swift */,
				96E381D31F4F75B50040FF5A /* ViewController.swift */,
				96E381D51F4F75B50040FF5A /* Main.storyboard */,
				96E381D81F4F75B50040FF5A /* Assets.xcassets */,
				96E381DA1F4F75B50040FF5A /* LaunchScreen.storyboard */,
				96E381DD1F4F75B50040FF5A /* Info.plist */,
			);
			path = test;
			sourceTree = "<group>";
		};
		EC69933A4B0E7A1E76A5CE66 /* Frameworks */ = {
			isa = PBXGroup;
			children = (
				6AC10814462896D8A5487F01 /* Pods_test.framework */,
			);
			name = Frameworks;
			sourceTree = "<group>";
		};
/* End PBXGroup section */

/* Begin PBXNativeTarget section */
		96E381CD1F4F75B50040FF5A /* test */ = {
			isa = PBXNativeTarget;
			buildConfigurationList = 96E381E01F4F75B50040FF5A /* Build configuration list for PBXNativeTarget "test" */;
			buildPhases = (
				D38398736229C878961142A0 /* [CP] Check Pods Manifest.lock */,
				96E381CA1F4F75B50040FF5A /* Sources */,
				96E381CB1F4F75B50040FF5A /* Frameworks */,
				96E381CC1F4F75B50040FF5A /* Resources */,
				5FB1D9859ABE40B05582D247 /* [CP] Embed Pods Frameworks */,
				9735BB977F8731CE7FF54ED1 /* [CP] Copy Pods Resources */,
			);
			buildRules = (
			);
			dependencies = (
			);
			name = test;
			productName = test;
			productReference = 96E381CE1F4F75B50040FF5A /* test.app */;
			productType = "com.apple.product-type.application";
		};
/* End PBXNativeTarget section */

/* Begin PBXProject section */
		96E381C61F4F75B50040FF5A /* Project object */ = {
			isa = PBXProject;
			attributes = {
				LastSwiftUpdateCheck = 0830;
				LastUpgradeCheck = 0830;
				ORGANIZATIONNAME = "Daniel Klinkert Houfer";
				TargetAttributes = {
					96E381CD1F4F75B50040FF5A = {
						CreatedOnToolsVersion = 8.3.3;
						DevelopmentTeam = XYJ2TQ4992;
						ProvisioningStyle = Automatic;
					};
				};
			};
			buildConfigurationList = 96E381C91F4F75B50040FF5A /* Build configuration list for PBXProject "test" */;
			compatibilityVersion = "Xcode 3.2";
			developmentRegion = English;
			hasScannedForEncodings = 0;
			knownRegions = (
				en,
				Base,
			);
			mainGroup = 96E381C51F4F75B50040FF5A;
			productRefGroup = 96E381CF1F4F75B50040FF5A /* Products */;
			projectDirPath = "";
			projectRoot = "";
			targets = (
				96E381CD1F4F75B50040FF5A /* test */,
			);
		};
/* End PBXProject section */

/* Begin PBXResourcesBuildPhase section */
		96E381CC1F4F75B50040FF5A /* Resources */ = {
			isa = PBXResourcesBuildPhase;
			buildActionMask = 2147483647;
			files = (
				96E381DC1F4F75B50040FF5A /* LaunchScreen.storyboard in Resources */,
				96E381D91F4F75B50040FF5A /* Assets.xcassets in Resources */,
				96D73D961F4F77D600EA206D /* PendingRequestsTableViewCell.xib in Resources */,
				96D73DC31F4FA2EC00EA206D /* EmptyTableViewCell.xib in Resources */,
				96D73DAB1F4F79A600EA206D /* Login.storyboard in Resources */,
				96E381D71F4F75B50040FF5A /* Main.storyboard in Resources */,
			);
			runOnlyForDeploymentPostprocessing = 0;
		};
/* End PBXResourcesBuildPhase section */

/* Begin PBXShellScriptBuildPhase section */
		5FB1D9859ABE40B05582D247 /* [CP] Embed Pods Frameworks */ = {
			isa = PBXShellScriptBuildPhase;
			buildActionMask = 2147483647;
			files = (
			);
			inputPaths = (
				"${SRCROOT}/Pods/Target Support Files/Pods-test/Pods-test-frameworks.sh",
				"${BUILT_PRODUCTS_DIR}/Alamofire/Alamofire.framework",
				"${BUILT_PRODUCTS_DIR}/AlamofireImage/AlamofireImage.framework",
				"${BUILT_PRODUCTS_DIR}/AlamofireObjectMapper/AlamofireObjectMapper.framework",
				"${BUILT_PRODUCTS_DIR}/DateTools/DateTools.framework",
				"${BUILT_PRODUCTS_DIR}/ObjectMapper/ObjectMapper.framework",
				"${BUILT_PRODUCTS_DIR}/ReachabilitySwift/ReachabilitySwift.framework",
				"${BUILT_PRODUCTS_DIR}/RealReachability/RealReachability.framework",
				"${BUILT_PRODUCTS_DIR}/Realm/Realm.framework",
				"${BUILT_PRODUCTS_DIR}/RealmSwift/RealmSwift.framework",
				"${BUILT_PRODUCTS_DIR}/RxCocoa/RxCocoa.framework",
				"${BUILT_PRODUCTS_DIR}/RxRealm/RxRealm.framework",
				"${BUILT_PRODUCTS_DIR}/RxSwift/RxSwift.framework",
				"${BUILT_PRODUCTS_DIR}/SBPickerSelector/SBPickerSelector.framework",
				"${BUILT_PRODUCTS_DIR}/SVProgressHUD/SVProgressHUD.framework",
			);
			name = "[CP] Embed Pods Frameworks";
			outputPaths = (
				"${TARGET_BUILD_DIR}/${FRAMEWORKS_FOLDER_PATH}/Alamofire.framework",
				"${TARGET_BUILD_DIR}/${FRAMEWORKS_FOLDER_PATH}/AlamofireImage.framework",
				"${TARGET_BUILD_DIR}/${FRAMEWORKS_FOLDER_PATH}/AlamofireObjectMapper.framework",
				"${TARGET_BUILD_DIR}/${FRAMEWORKS_FOLDER_PATH}/DateTools.framework",
				"${TARGET_BUILD_DIR}/${FRAMEWORKS_FOLDER_PATH}/ObjectMapper.framework",
				"${TARGET_BUILD_DIR}/${FRAMEWORKS_FOLDER_PATH}/ReachabilitySwift.framework",
				"${TARGET_BUILD_DIR}/${FRAMEWORKS_FOLDER_PATH}/RealReachability.framework",
				"${TARGET_BUILD_DIR}/${FRAMEWORKS_FOLDER_PATH}/Realm.framework",
				"${TARGET_BUILD_DIR}/${FRAMEWORKS_FOLDER_PATH}/RealmSwift.framework",
				"${TARGET_BUILD_DIR}/${FRAMEWORKS_FOLDER_PATH}/RxCocoa.framework",
				"${TARGET_BUILD_DIR}/${FRAMEWORKS_FOLDER_PATH}/RxRealm.framework",
				"${TARGET_BUILD_DIR}/${FRAMEWORKS_FOLDER_PATH}/RxSwift.framework",
				"${TARGET_BUILD_DIR}/${FRAMEWORKS_FOLDER_PATH}/SBPickerSelector.framework",
				"${TARGET_BUILD_DIR}/${FRAMEWORKS_FOLDER_PATH}/SVProgressHUD.framework",
			);
			runOnlyForDeploymentPostprocessing = 0;
			shellPath = /bin/sh;
			shellScript = "\"${SRCROOT}/Pods/Target Support Files/Pods-test/Pods-test-frameworks.sh\"\n";
			showEnvVarsInLog = 0;
		};
		9735BB977F8731CE7FF54ED1 /* [CP] Copy Pods Resources */ = {
			isa = PBXShellScriptBuildPhase;
			buildActionMask = 2147483647;
			files = (
			);
			inputPaths = (
			);
			name = "[CP] Copy Pods Resources";
			outputPaths = (
			);
			runOnlyForDeploymentPostprocessing = 0;
			shellPath = /bin/sh;
			shellScript = "\"${SRCROOT}/Pods/Target Support Files/Pods-test/Pods-test-resources.sh\"\n";
			showEnvVarsInLog = 0;
		};
		D38398736229C878961142A0 /* [CP] Check Pods Manifest.lock */ = {
			isa = PBXShellScriptBuildPhase;
			buildActionMask = 2147483647;
			files = (
			);
			inputPaths = (
				"${PODS_PODFILE_DIR_PATH}/Podfile.lock",
				"${PODS_ROOT}/Manifest.lock",
			);
			name = "[CP] Check Pods Manifest.lock";
			outputPaths = (
				"$(DERIVED_FILE_DIR)/Pods-test-checkManifestLockResult.txt",
			);
			runOnlyForDeploymentPostprocessing = 0;
			shellPath = /bin/sh;
			shellScript = "diff \"${PODS_PODFILE_DIR_PATH}/Podfile.lock\" \"${PODS_ROOT}/Manifest.lock\" > /dev/null\nif [ $? != 0 ] ; then\n    # print error to STDERR\n    echo \"error: The sandbox is not in sync with the Podfile.lock. Run 'pod install' or update your CocoaPods installation.\" >&2\n    exit 1\nfi\n# This output is used by Xcode 'outputs' to avoid re-running this script phase.\necho \"SUCCESS\" > \"${SCRIPT_OUTPUT_FILE_0}\"\n";
			showEnvVarsInLog = 0;
		};
/* End PBXShellScriptBuildPhase section */

/* Begin PBXSourcesBuildPhase section */
		96E381CA1F4F75B50040FF5A /* Sources */ = {
			isa = PBXSourcesBuildPhase;
			buildActionMask = 2147483647;
			files = (
				96D73DBA1F4F801600EA206D /* EndPoint.swift in Sources */,
				96D73DBC1F4FA21600EA206D /* RequestVacationViewController.swift in Sources */,
				96D73DA21F4F786400EA206D /* BaseTableViewController.swift in Sources */,
				96E381D41F4F75B50040FF5A /* ViewController.swift in Sources */,
				96D73D9D1F4F782E00EA206D /* SettingsTableViewController.swift in Sources */,
				96D73DC21F4FA2EC00EA206D /* EmptyTableViewCell.swift in Sources */,
				96D73DBE1F4FA24B00EA206D /* BaseViewController.swift in Sources */,
				96D73D951F4F77D600EA206D /* PendingRequestsTableViewCell.swift in Sources */,
				96D73DAE1F4F79E600EA206D /* LoginViewController.swift in Sources */,
				96D73DA51F4F78F600EA206D /* Request.swift in Sources */,
				96E381D21F4F75B50040FF5A /* AppDelegate.swift in Sources */,
				96D73DB71F4F7C4000EA206D /* Extensions.swift in Sources */,
				96D73DB51F4F7B6200EA206D /* RealmHelper.swift in Sources */,
				96D73DB11F4F7A0E00EA206D /* NavigationHelper.swift in Sources */,
				96D73DB31F4F7A9200EA206D /* User.swift in Sources */,
				96D73D9B1F4F782200EA206D /* PendingRequestTableViewController.swift in Sources */,
			);
			runOnlyForDeploymentPostprocessing = 0;
		};
/* End PBXSourcesBuildPhase section */

/* Begin PBXVariantGroup section */
		96E381D51F4F75B50040FF5A /* Main.storyboard */ = {
			isa = PBXVariantGroup;
			children = (
				96E381D61F4F75B50040FF5A /* Base */,
			);
			name = Main.storyboard;
			sourceTree = "<group>";
		};
		96E381DA1F4F75B50040FF5A /* LaunchScreen.storyboard */ = {
			isa = PBXVariantGroup;
			children = (
				96E381DB1F4F75B50040FF5A /* Base */,
			);
			name = LaunchScreen.storyboard;
			sourceTree = "<group>";
		};
/* End PBXVariantGroup section */

/* Begin XCBuildConfiguration section */
		96E381DE1F4F75B50040FF5A /* Debug */ = {
			isa = XCBuildConfiguration;
			buildSettings = {
				ALWAYS_SEARCH_USER_PATHS = NO;
				CLANG_ANALYZER_NONNULL = YES;
				CLANG_ANALYZER_NUMBER_OBJECT_CONVERSION = YES_AGGRESSIVE;
				CLANG_CXX_LANGUAGE_STANDARD = "gnu++0x";
				CLANG_CXX_LIBRARY = "libc++";
				CLANG_ENABLE_MODULES = YES;
				CLANG_ENABLE_OBJC_ARC = YES;
				CLANG_WARN_BOOL_CONVERSION = YES;
				CLANG_WARN_CONSTANT_CONVERSION = YES;
				CLANG_WARN_DIRECT_OBJC_ISA_USAGE = YES_ERROR;
				CLANG_WARN_DOCUMENTATION_COMMENTS = YES;
				CLANG_WARN_EMPTY_BODY = YES;
				CLANG_WARN_ENUM_CONVERSION = YES;
				CLANG_WARN_INFINITE_RECURSION = YES;
				CLANG_WARN_INT_CONVERSION = YES;
				CLANG_WARN_OBJC_ROOT_CLASS = YES_ERROR;
				CLANG_WARN_SUSPICIOUS_MOVE = YES;
				CLANG_WARN_UNREACHABLE_CODE = YES;
				CLANG_WARN__DUPLICATE_METHOD_MATCH = YES;
				"CODE_SIGN_IDENTITY[sdk=iphoneos*]" = "iPhone Developer";
				COPY_PHASE_STRIP = NO;
				DEBUG_INFORMATION_FORMAT = dwarf;
				ENABLE_STRICT_OBJC_MSGSEND = YES;
				ENABLE_TESTABILITY = YES;
				GCC_C_LANGUAGE_STANDARD = gnu99;
				GCC_DYNAMIC_NO_PIC = NO;
				GCC_NO_COMMON_BLOCKS = YES;
				GCC_OPTIMIZATION_LEVEL = 0;
				GCC_PREPROCESSOR_DEFINITIONS = (
					"DEBUG=1",
					"$(inherited)",
				);
				GCC_WARN_64_TO_32_BIT_CONVERSION = YES;
				GCC_WARN_ABOUT_RETURN_TYPE = YES_ERROR;
				GCC_WARN_UNDECLARED_SELECTOR = YES;
				GCC_WARN_UNINITIALIZED_AUTOS = YES_AGGRESSIVE;
				GCC_WARN_UNUSED_FUNCTION = YES;
				GCC_WARN_UNUSED_VARIABLE = YES;
				IPHONEOS_DEPLOYMENT_TARGET = 10.3;
				MTL_ENABLE_DEBUG_INFO = YES;
				ONLY_ACTIVE_ARCH = YES;
				SDKROOT = iphoneos;
				SWIFT_ACTIVE_COMPILATION_CONDITIONS = DEBUG;
				SWIFT_OPTIMIZATION_LEVEL = "-Onone";
				TARGETED_DEVICE_FAMILY = "1,2";
			};
			name = Debug;
		};
		96E381DF1F4F75B50040FF5A /* Release */ = {
			isa = XCBuildConfiguration;
			buildSettings = {
				ALWAYS_SEARCH_USER_PATHS = NO;
				CLANG_ANALYZER_NONNULL = YES;
				CLANG_ANALYZER_NUMBER_OBJECT_CONVERSION = YES_AGGRESSIVE;
				CLANG_CXX_LANGUAGE_STANDARD = "gnu++0x";
				CLANG_CXX_LIBRARY = "libc++";
				CLANG_ENABLE_MODULES = YES;
				CLANG_ENABLE_OBJC_ARC = YES;
				CLANG_WARN_BOOL_CONVERSION = YES;
				CLANG_WARN_CONSTANT_CONVERSION = YES;
				CLANG_WARN_DIRECT_OBJC_ISA_USAGE = YES_ERROR;
				CLANG_WARN_DOCUMENTATION_COMMENTS = YES;
				CLANG_WARN_EMPTY_BODY = YES;
				CLANG_WARN_ENUM_CONVERSION = YES;
				CLANG_WARN_INFINITE_RECURSION = YES;
				CLANG_WARN_INT_CONVERSION = YES;
				CLANG_WARN_OBJC_ROOT_CLASS = YES_ERROR;
				CLANG_WARN_SUSPICIOUS_MOVE = YES;
				CLANG_WARN_UNREACHABLE_CODE = YES;
				CLANG_WARN__DUPLICATE_METHOD_MATCH = YES;
				"CODE_SIGN_IDENTITY[sdk=iphoneos*]" = "iPhone Developer";
				COPY_PHASE_STRIP = NO;
				DEBUG_INFORMATION_FORMAT = "dwarf-with-dsym";
				ENABLE_NS_ASSERTIONS = NO;
				ENABLE_STRICT_OBJC_MSGSEND = YES;
				GCC_C_LANGUAGE_STANDARD = gnu99;
				GCC_NO_COMMON_BLOCKS = YES;
				GCC_WARN_64_TO_32_BIT_CONVERSION = YES;
				GCC_WARN_ABOUT_RETURN_TYPE = YES_ERROR;
				GCC_WARN_UNDECLARED_SELECTOR = YES;
				GCC_WARN_UNINITIALIZED_AUTOS = YES_AGGRESSIVE;
				GCC_WARN_UNUSED_FUNCTION = YES;
				GCC_WARN_UNUSED_VARIABLE = YES;
				IPHONEOS_DEPLOYMENT_TARGET = 10.3;
				MTL_ENABLE_DEBUG_INFO = NO;
				SDKROOT = iphoneos;
				SWIFT_OPTIMIZATION_LEVEL = "-Owholemodule";
				TARGETED_DEVICE_FAMILY = "1,2";
				VALIDATE_PRODUCT = YES;
			};
			name = Release;
		};
		96E381E11F4F75B50040FF5A /* Debug */ = {
			isa = XCBuildConfiguration;
			baseConfigurationReference = 6CCD8193E0E87095F0EC83D9 /* Pods-test.debug.xcconfig */;
			buildSettings = {
				ASSETCATALOG_COMPILER_APPICON_NAME = AppIcon;
				DEVELOPMENT_TEAM = XYJ2TQ4992;
				INFOPLIST_FILE = test/Info.plist;
				LD_RUNPATH_SEARCH_PATHS = "$(inherited) @executable_path/Frameworks";
				PRODUCT_BUNDLE_IDENTIFIER = DKH.test;
				PRODUCT_NAME = "$(TARGET_NAME)";
				SWIFT_VERSION = 3.0;
			};
			name = Debug;
		};
		96E381E21F4F75B50040FF5A /* Release */ = {
			isa = XCBuildConfiguration;
			baseConfigurationReference = A2B3AF18085EFEB87105A8A7 /* Pods-test.release.xcconfig */;
			buildSettings = {
				ASSETCATALOG_COMPILER_APPICON_NAME = AppIcon;
				DEVELOPMENT_TEAM = XYJ2TQ4992;
				INFOPLIST_FILE = test/Info.plist;
				LD_RUNPATH_SEARCH_PATHS = "$(inherited) @executable_path/Frameworks";
				PRODUCT_BUNDLE_IDENTIFIER = DKH.test;
				PRODUCT_NAME = "$(TARGET_NAME)";
				SWIFT_VERSION = 3.0;
			};
			name = Release;
		};
/* End XCBuildConfiguration section */

/* Begin XCConfigurationList section */
		96E381C91F4F75B50040FF5A /* Build configuration list for PBXProject "test" */ = {
			isa = XCConfigurationList;
			buildConfigurations = (
				96E381DE1F4F75B50040FF5A /* Debug */,
				96E381DF1F4F75B50040FF5A /* Release */,
			);
			defaultConfigurationIsVisible = 0;
			defaultConfigurationName = Release;
		};
		96E381E01F4F75B50040FF5A /* Build configuration list for PBXNativeTarget "test" */ = {
			isa = XCConfigurationList;
			buildConfigurations = (
				96E381E11F4F75B50040FF5A /* Debug */,
				96E381E21F4F75B50040FF5A /* Release */,
			);
			defaultConfigurationIsVisible = 0;
			defaultConfigurationName = Release;
		};
/* End XCConfigurationList section */
	};
	rootObject = 96E381C61F4F75B50040FF5A /* Project object */;
}
